<?xml version="1.0" encoding="utf-8"?>
<Project ToolsVersion="4.0" xmlns="http://schemas.microsoft.com/developer/msbuild/2003">
  <ItemGroup>
    <Filter Include="Source Files">
      <UniqueIdentifier>{4FC737F1-C7A5-4376-A066-2A32D752A2FF}</UniqueIdentifier>
      <Extensions>cpp;c;cc;cxx;def;odl;idl;hpj;bat;asm;asmx</Extensions>
    </Filter>
    <Filter Include="Resource Files">
      <UniqueIdentifier>{67DA6AB6-F800-4c08-8B7A-83BB121AAD01}</UniqueIdentifier>
      <Extensions>rc;ico;cur;bmp;dlg;rc2;rct;bin;rgs;gif;jpg;jpeg;jpe;resx;tiff;tif;png;wav;mfcribbon-ms</Extensions>
    </Filter>
    <Filter Include="Source Files\finjin-viewer">
      <UniqueIdentifier>{124f0fc3-0db8-4ac0-9bd4-ca9e235e643e}</UniqueIdentifier>
    </Filter>
  </ItemGroup>
  <ItemGroup>
    <ClCompile Include="..\..\src\FinjinPrecompiled.cpp">
      <Filter>Source Files\finjin-viewer</Filter>
    </ClCompile>
    <ClCompile Include="..\..\src\FinjinViewerApplicationDelegate.cpp">
      <Filter>Source Files\finjin-viewer</Filter>
    </ClCompile>
    <ClCompile Include="..\..\src\FinjinViewerApplicationViewportDelegate.cpp">
      <Filter>Source Files\finjin-viewer</Filter>
    </ClCompile>
    <ClCompile Include="main.cpp">
      <Filter>Source Files</Filter>
    </ClCompile>
    <ClCompile Include="..\..\src\FinjinViewerApplicationSettings.cpp">
      <Filter>Source Files\finjin-viewer</Filter>
    </ClCompile>
  </ItemGroup>
  <ItemGroup>
    <ClInclude Include="..\..\src\FinjinPrecompiled.hpp">
      <Filter>Source Files\finjin-viewer</Filter>
    </ClInclude>
    <ClInclude Include="..\..\src\FinjinViewerApplicationDelegate.hpp">
      <Filter>Source Files\finjin-viewer</Filter>
    </ClInclude>
    <ClInclude Include="..\..\src\FinjinViewerApplicationViewportDelegate.hpp">
      <Filter>Source Files\finjin-viewer</Filter>
    </ClInclude>
    <ClInclude Include="..\..\src\FinjinViewerApplicationSettings.hpp">
      <Filter>Source Files\finjin-viewer</Filter>
    </ClInclude>
  </ItemGroup>
</Project>